
Microsoft Visual Studio Solution File, Format Version 12.00
# Visual Studio Version 17
VisualStudioVersion = 17.13.35931.197 d17.13
MinimumVisualStudioVersion = 10.0.40219.1
Project("{888888A0-9F3D-457C-B088-3A5042F75D52}") = "PyProj1", "PyProj1\PyProj1.pyproj", "{50B8E3A7-B2E8-4656-8C56-110A3A30CA5C}"
EndProject
Global
	GlobalSection(SolutionConfigurationPlatforms) = preSolution
		Debug|Any CPU = Debug|Any CPU
		Release|Any CPU = Release|Any CPU
	EndGlobalSection
	GlobalSection(ProjectConfigurationPlatforms) = postSolution
		{50B8E3A7-B2E8-4656-8C56-110A3A30CA5C}.Debug|Any CPU.ActiveCfg = Debug|Any CPU
		{50B8E3A7-B2E8-4656-8C56-110A3A30CA5C}.Release|Any CPU.ActiveCfg = Release|Any CPU
	EndGlobalSection
	GlobalSection(SolutionProperties) = preSolution
		HideSolutionNode = FALSE
	EndGlobalSection
	GlobalSection(ExtensibilityGlobals) = postSolution
		SolutionGuid = {7560D377-6979-4621-B297-F442D7FA1F1F}
	EndGlobalSection
EndGlobal
